
Microsoft Visual Studio Solution File, Format Version 12.00
# Visual Studio Version 17
VisualStudioVersion = 17.7.34024.191
MinimumVisualStudioVersion = 10.0.40219.1
Project("{FAE04EC0-301F-11D3-BF4B-00C04F79EFBC}") = "TOSFactionColor", "TOSNarrator\TOSFactionColor.csproj", "{6B19915F-D38A-4497-B149-44A096D42107}"
EndProject
Global
	GlobalSection(SolutionConfigurationPlatforms) = preSolution
		Debug|Any CPU = Debug|Any CPU
		Release|Any CPU = Release|Any CPU
	EndGlobalSection
	GlobalSection(ProjectConfigurationPlatforms) = postSolution
		{6B19915F-D38A-4497-B149-44A096D42107}.Debug|Any CPU.ActiveCfg = Debug|Any CPU
		{6B19915F-D38A-4497-B149-44A096D42107}.Debug|Any CPU.Build.0 = Debug|Any CPU
		{6B19915F-D38A-4497-B149-44A096D42107}.Release|Any CPU.ActiveCfg = Release|Any CPU
		{6B19915F-D38A-4497-B149-44A096D42107}.Release|Any CPU.Build.0 = Release|Any CPU
	EndGlobalSection
	GlobalSection(SolutionProperties) = preSolution
		HideSolutionNode = FALSE
	EndGlobalSection
	GlobalSection(ExtensibilityGlobals) = postSolution
		SolutionGuid = {0F389806-6458-48FF-9231-BA7B061CCBDC}
	EndGlobalSection
EndGlobal
